[[package]]
name = "sourcery-cli"
version = "0.12.7"
description = "Magically refactor Python"
category = "dev"
optional = false
python-versions = "*"

[metadata]
lock-version = "1.1"
python-versions = "^3.7"
content-hash = "60a2426e7af30d713227aaeecc99d6c79289008c543bb3375ca5b49df6aa8bd1"

[metadata.files]
sourcery-cli = [
    {file = "sourcery_cli-0.12.7-py2.py3-none-macosx_10_9_universal2.whl", hash = "sha256:b6b94d1c60b5a2ad0ae42d1cf6f2147b7f99d65268fe12fa6a765ec1efbf7d62"},
    {file = "sourcery_cli-0.12.7-py2.py3-none-manylinux1_x86_64.whl", hash = "sha256:ebb8ad57ae2575c8b9ea082c512f9c559cd2e095ff524a4898d25672047a08d2"},
    {file = "sourcery_cli-0.12.7-py2.py3-none-win_amd64.whl", hash = "sha256:afaea4c921f6ce5b8c499b2a56c7a62138b0dee4fc7bdf728f23639f897fa8a8"},
]
